
Microsoft Visual Studio Solution File, Format Version 12.00
# Visual Studio 15
Project("{FAE04EC0-301F-11D3-BF4B-00C04F79EFBC}") = "Assembly-CSharp", "Assembly-CSharp.csproj", "{572C1DEB-8DB4-52DD-5FFC-8C81FE55A1FD}"
EndProject
Project("{FAE04EC0-301F-11D3-BF4B-00C04F79EFBC}") = "NavMeshComponents", "NavMeshComponents.csproj", "{DD749F4C-DEBA-945A-8408-A556F39207E0}"
EndProject
Project("{FAE04EC0-301F-11D3-BF4B-00C04F79EFBC}") = "NavMeshComponentsEditor", "NavMeshComponentsEditor.csproj", "{7DF08687-ECD1-8966-4D57-076D2EDC03FF}"
EndProject
Global
	GlobalSection(SolutionConfigurationPlatforms) = preSolution
		Debug|Any CPU = Debug|Any CPU
		Release|Any CPU = Release|Any CPU
	EndGlobalSection
	GlobalSection(ProjectConfigurationPlatforms) = postSolution
		{572C1DEB-8DB4-52DD-5FFC-8C81FE55A1FD}.Debug|Any CPU.ActiveCfg = Debug|Any CPU
		{572C1DEB-8DB4-52DD-5FFC-8C81FE55A1FD}.Debug|Any CPU.Build.0 = Debug|Any CPU
		{572C1DEB-8DB4-52DD-5FFC-8C81FE55A1FD}.Release|Any CPU.ActiveCfg = Release|Any CPU
		{572C1DEB-8DB4-52DD-5FFC-8C81FE55A1FD}.Release|Any CPU.Build.0 = Release|Any CPU
		{DD749F4C-DEBA-945A-8408-A556F39207E0}.Debug|Any CPU.ActiveCfg = Debug|Any CPU
		{DD749F4C-DEBA-945A-8408-A556F39207E0}.Debug|Any CPU.Build.0 = Debug|Any CPU
		{DD749F4C-DEBA-945A-8408-A556F39207E0}.Release|Any CPU.ActiveCfg = Release|Any CPU
		{DD749F4C-DEBA-945A-8408-A556F39207E0}.Release|Any CPU.Build.0 = Release|Any CPU
		{7DF08687-ECD1-8966-4D57-076D2EDC03FF}.Debug|Any CPU.ActiveCfg = Debug|Any CPU
		{7DF08687-ECD1-8966-4D57-076D2EDC03FF}.Debug|Any CPU.Build.0 = Debug|Any CPU
		{7DF08687-ECD1-8966-4D57-076D2EDC03FF}.Release|Any CPU.ActiveCfg = Release|Any CPU
		{7DF08687-ECD1-8966-4D57-076D2EDC03FF}.Release|Any CPU.Build.0 = Release|Any CPU
	EndGlobalSection
	GlobalSection(SolutionProperties) = preSolution
		HideSolutionNode = FALSE
	EndGlobalSection
EndGlobal
